
Microsoft Visual Studio Solution File, Format Version 12.00
# Visual Studio Version 17
VisualStudioVersion = 17.0.31903.59
MinimumVisualStudioVersion = 10.0.40219.1
Project("{2150E333-8FDC-42A3-9474-1A3956D46DE8}") = "src", "src", "{827E0CD3-B72D-47B6-A68D-7590B98EB39B}"
	ProjectSection(SolutionItems) = preProject
		.gitignore = .gitignore
		migration_scripts.txt = migration_scripts.txt
	EndProjectSection
EndProject
Project("{FAE04EC0-301F-11D3-BF4B-00C04F79EFBC}") = "JobPortal.Api", "src\JobPortal.Api\JobPortal.Api.csproj", "{5394D2E6-9E23-4C72-8D94-1DCEDFC1704A}"
EndProject
Project("{FAE04EC0-301F-11D3-BF4B-00C04F79EFBC}") = "JobPortal.Application", "src\JobPortal.Application\JobPortal.Application.csproj", "{27E90506-25CF-4BC5-B0FD-A8B54DAC075C}"
EndProject
Project("{FAE04EC0-301F-11D3-BF4B-00C04F79EFBC}") = "JobPortal.Domain", "src\JobPortal.Domain\JobPortal.Domain.csproj", "{9BA9E752-E8E3-48EE-893C-7608CB4BFC22}"
EndProject
Project("{FAE04EC0-301F-11D3-BF4B-00C04F79EFBC}") = "JobPortal.Infrastructure", "src\JobPortal.Infrastructure\JobPortal.Infrastructure.csproj", "{A16831EE-CAC1-41D7-A1B8-E6C25E6FA1BF}"
EndProject
Project("{FAE04EC0-301F-11D3-BF4B-00C04F79EFBC}") = "JobPortal.Background", "src\JobPortal.Background\JobPortal.Background.csproj", "{68A95B1D-0CB1-499A-A56E-3DB1FA9B339A}"
EndProject
Global
	GlobalSection(SolutionConfigurationPlatforms) = preSolution
		Debug|Any CPU = Debug|Any CPU
		Debug|x64 = Debug|x64
		Debug|x86 = Debug|x86
		Release|Any CPU = Release|Any CPU
		Release|x64 = Release|x64
		Release|x86 = Release|x86
	EndGlobalSection
	GlobalSection(ProjectConfigurationPlatforms) = postSolution
		{5394D2E6-9E23-4C72-8D94-1DCEDFC1704A}.Debug|Any CPU.ActiveCfg = Debug|Any CPU
		{5394D2E6-9E23-4C72-8D94-1DCEDFC1704A}.Debug|Any CPU.Build.0 = Debug|Any CPU
		{5394D2E6-9E23-4C72-8D94-1DCEDFC1704A}.Debug|x64.ActiveCfg = Debug|Any CPU
		{5394D2E6-9E23-4C72-8D94-1DCEDFC1704A}.Debug|x64.Build.0 = Debug|Any CPU
		{5394D2E6-9E23-4C72-8D94-1DCEDFC1704A}.Debug|x86.ActiveCfg = Debug|Any CPU
		{5394D2E6-9E23-4C72-8D94-1DCEDFC1704A}.Debug|x86.Build.0 = Debug|Any CPU
		{5394D2E6-9E23-4C72-8D94-1DCEDFC1704A}.Release|Any CPU.ActiveCfg = Release|Any CPU
		{5394D2E6-9E23-4C72-8D94-1DCEDFC1704A}.Release|Any CPU.Build.0 = Release|Any CPU
		{5394D2E6-9E23-4C72-8D94-1DCEDFC1704A}.Release|x64.ActiveCfg = Release|Any CPU
		{5394D2E6-9E23-4C72-8D94-1DCEDFC1704A}.Release|x64.Build.0 = Release|Any CPU
		{5394D2E6-9E23-4C72-8D94-1DCEDFC1704A}.Release|x86.ActiveCfg = Release|Any CPU
		{5394D2E6-9E23-4C72-8D94-1DCEDFC1704A}.Release|x86.Build.0 = Release|Any CPU
		{27E90506-25CF-4BC5-B0FD-A8B54DAC075C}.Debug|Any CPU.ActiveCfg = Debug|Any CPU
		{27E90506-25CF-4BC5-B0FD-A8B54DAC075C}.Debug|Any CPU.Build.0 = Debug|Any CPU
		{27E90506-25CF-4BC5-B0FD-A8B54DAC075C}.Debug|x64.ActiveCfg = Debug|Any CPU
		{27E90506-25CF-4BC5-B0FD-A8B54DAC075C}.Debug|x64.Build.0 = Debug|Any CPU
		{27E90506-25CF-4BC5-B0FD-A8B54DAC075C}.Debug|x86.ActiveCfg = Debug|Any CPU
		{27E90506-25CF-4BC5-B0FD-A8B54DAC075C}.Debug|x86.Build.0 = Debug|Any CPU
		{27E90506-25CF-4BC5-B0FD-A8B54DAC075C}.Release|Any CPU.ActiveCfg = Release|Any CPU
		{27E90506-25CF-4BC5-B0FD-A8B54DAC075C}.Release|Any CPU.Build.0 = Release|Any CPU
		{27E90506-25CF-4BC5-B0FD-A8B54DAC075C}.Release|x64.ActiveCfg = Release|Any CPU
		{27E90506-25CF-4BC5-B0FD-A8B54DAC075C}.Release|x64.Build.0 = Release|Any CPU
		{27E90506-25CF-4BC5-B0FD-A8B54DAC075C}.Release|x86.ActiveCfg = Release|Any CPU
		{27E90506-25CF-4BC5-B0FD-A8B54DAC075C}.Release|x86.Build.0 = Release|Any CPU
		{9BA9E752-E8E3-48EE-893C-7608CB4BFC22}.Debug|Any CPU.ActiveCfg = Debug|Any CPU
		{9BA9E752-E8E3-48EE-893C-7608CB4BFC22}.Debug|Any CPU.Build.0 = Debug|Any CPU
		{9BA9E752-E8E3-48EE-893C-7608CB4BFC22}.Debug|x64.ActiveCfg = Debug|Any CPU
		{9BA9E752-E8E3-48EE-893C-7608CB4BFC22}.Debug|x64.Build.0 = Debug|Any CPU
		{9BA9E752-E8E3-48EE-893C-7608CB4BFC22}.Debug|x86.ActiveCfg = Debug|Any CPU
		{9BA9E752-E8E3-48EE-893C-7608CB4BFC22}.Debug|x86.Build.0 = Debug|Any CPU
		{9BA9E752-E8E3-48EE-893C-7608CB4BFC22}.Release|Any CPU.ActiveCfg = Release|Any CPU
		{9BA9E752-E8E3-48EE-893C-7608CB4BFC22}.Release|Any CPU.Build.0 = Release|Any CPU
		{9BA9E752-E8E3-48EE-893C-7608CB4BFC22}.Release|x64.ActiveCfg = Release|Any CPU
		{9BA9E752-E8E3-48EE-893C-7608CB4BFC22}.Release|x64.Build.0 = Release|Any CPU
		{9BA9E752-E8E3-48EE-893C-7608CB4BFC22}.Release|x86.ActiveCfg = Release|Any CPU
		{9BA9E752-E8E3-48EE-893C-7608CB4BFC22}.Release|x86.Build.0 = Release|Any CPU
		{A16831EE-CAC1-41D7-A1B8-E6C25E6FA1BF}.Debug|Any CPU.ActiveCfg = Debug|Any CPU
		{A16831EE-CAC1-41D7-A1B8-E6C25E6FA1BF}.Debug|Any CPU.Build.0 = Debug|Any CPU
		{A16831EE-CAC1-41D7-A1B8-E6C25E6FA1BF}.Debug|x64.ActiveCfg = Debug|Any CPU
		{A16831EE-CAC1-41D7-A1B8-E6C25E6FA1BF}.Debug|x64.Build.0 = Debug|Any CPU
		{A16831EE-CAC1-41D7-A1B8-E6C25E6FA1BF}.Debug|x86.ActiveCfg = Debug|Any CPU
		{A16831EE-CAC1-41D7-A1B8-E6C25E6FA1BF}.Debug|x86.Build.0 = Debug|Any CPU
		{A16831EE-CAC1-41D7-A1B8-E6C25E6FA1BF}.Release|Any CPU.ActiveCfg = Release|Any CPU
		{A16831EE-CAC1-41D7-A1B8-E6C25E6FA1BF}.Release|Any CPU.Build.0 = Release|Any CPU
		{A16831EE-CAC1-41D7-A1B8-E6C25E6FA1BF}.Release|x64.ActiveCfg = Release|Any CPU
		{A16831EE-CAC1-41D7-A1B8-E6C25E6FA1BF}.Release|x64.Build.0 = Release|Any CPU
		{A16831EE-CAC1-41D7-A1B8-E6C25E6FA1BF}.Release|x86.ActiveCfg = Release|Any CPU
		{A16831EE-CAC1-41D7-A1B8-E6C25E6FA1BF}.Release|x86.Build.0 = Release|Any CPU
		{68A95B1D-0CB1-499A-A56E-3DB1FA9B339A}.Debug|Any CPU.ActiveCfg = Debug|Any CPU
		{68A95B1D-0CB1-499A-A56E-3DB1FA9B339A}.Debug|Any CPU.Build.0 = Debug|Any CPU
		{68A95B1D-0CB1-499A-A56E-3DB1FA9B339A}.Debug|x64.ActiveCfg = Debug|Any CPU
		{68A95B1D-0CB1-499A-A56E-3DB1FA9B339A}.Debug|x64.Build.0 = Debug|Any CPU
		{68A95B1D-0CB1-499A-A56E-3DB1FA9B339A}.Debug|x86.ActiveCfg = Debug|Any CPU
		{68A95B1D-0CB1-499A-A56E-3DB1FA9B339A}.Debug|x86.Build.0 = Debug|Any CPU
		{68A95B1D-0CB1-499A-A56E-3DB1FA9B339A}.Release|Any CPU.ActiveCfg = Release|Any CPU
		{68A95B1D-0CB1-499A-A56E-3DB1FA9B339A}.Release|Any CPU.Build.0 = Release|Any CPU
		{68A95B1D-0CB1-499A-A56E-3DB1FA9B339A}.Release|x64.ActiveCfg = Release|Any CPU
		{68A95B1D-0CB1-499A-A56E-3DB1FA9B339A}.Release|x64.Build.0 = Release|Any CPU
		{68A95B1D-0CB1-499A-A56E-3DB1FA9B339A}.Release|x86.ActiveCfg = Release|Any CPU
		{68A95B1D-0CB1-499A-A56E-3DB1FA9B339A}.Release|x86.Build.0 = Release|Any CPU
	EndGlobalSection
	GlobalSection(SolutionProperties) = preSolution
		HideSolutionNode = FALSE
	EndGlobalSection
	GlobalSection(NestedProjects) = preSolution
		{5394D2E6-9E23-4C72-8D94-1DCEDFC1704A} = {827E0CD3-B72D-47B6-A68D-7590B98EB39B}
		{27E90506-25CF-4BC5-B0FD-A8B54DAC075C} = {827E0CD3-B72D-47B6-A68D-7590B98EB39B}
		{9BA9E752-E8E3-48EE-893C-7608CB4BFC22} = {827E0CD3-B72D-47B6-A68D-7590B98EB39B}
		{A16831EE-CAC1-41D7-A1B8-E6C25E6FA1BF} = {827E0CD3-B72D-47B6-A68D-7590B98EB39B}
		{68A95B1D-0CB1-499A-A56E-3DB1FA9B339A} = {827E0CD3-B72D-47B6-A68D-7590B98EB39B}
	EndGlobalSection
EndGlobal
